
Microsoft Visual Studio Solution File, Format Version 12.00
# Visual Studio Version 17
VisualStudioVersion = 17.2.32616.157
MinimumVisualStudioVersion = 10.0.40219.1
Project("{9A19103F-16F7-4668-BE54-9A1E7A4F7556}") = "WebDevelopment.API", "WebDevelopment\WebDevelopment.API.csproj", "{E26C62D7-3EE8-473A-805A-D3E5C9B68CFF}"
EndProject
Project("{FAE04EC0-301F-11D3-BF4B-00C04F79EFBC}") = "WebDevelopment.API.Tests", "Tests\WebDevelopment.API.Tests\WebDevelopment.API.Tests.csproj", "{6C0BED49-FE55-4B34-801A-569011927907}"
EndProject
Global
	GlobalSection(SolutionConfigurationPlatforms) = preSolution
		Debug|Any CPU = Debug|Any CPU
		Release|Any CPU = Release|Any CPU
	EndGlobalSection
	GlobalSection(ProjectConfigurationPlatforms) = postSolution
		{E26C62D7-3EE8-473A-805A-D3E5C9B68CFF}.Debug|Any CPU.ActiveCfg = Debug|Any CPU
		{E26C62D7-3EE8-473A-805A-D3E5C9B68CFF}.Debug|Any CPU.Build.0 = Debug|Any CPU
		{E26C62D7-3EE8-473A-805A-D3E5C9B68CFF}.Release|Any CPU.ActiveCfg = Release|Any CPU
		{E26C62D7-3EE8-473A-805A-D3E5C9B68CFF}.Release|Any CPU.Build.0 = Release|Any CPU
		{6C0BED49-FE55-4B34-801A-569011927907}.Debug|Any CPU.ActiveCfg = Debug|Any CPU
		{6C0BED49-FE55-4B34-801A-569011927907}.Debug|Any CPU.Build.0 = Debug|Any CPU
		{6C0BED49-FE55-4B34-801A-569011927907}.Release|Any CPU.ActiveCfg = Release|Any CPU
		{6C0BED49-FE55-4B34-801A-569011927907}.Release|Any CPU.Build.0 = Release|Any CPU
	EndGlobalSection
	GlobalSection(SolutionProperties) = preSolution
		HideSolutionNode = FALSE
	EndGlobalSection
	GlobalSection(ExtensibilityGlobals) = postSolution
		SolutionGuid = {A5825C21-5DE8-4A2A-8035-1D560E122654}
	EndGlobalSection
EndGlobal
