
Microsoft Visual Studio Solution File, Format Version 12.00
# Visual Studio Version 17
VisualStudioVersion = 17.2.32616.157
MinimumVisualStudioVersion = 10.0.40219.1
Project("{9A19103F-16F7-4668-BE54-9A1E7A4F7556}") = "WebDevelopment.API.Tests", "Tests\WebDevelopment.API.Tests\WebDevelopment.API.Tests.csproj", "{6C0BED49-FE55-4B34-801A-569011927907}"
EndProject
Project("{9A19103F-16F7-4668-BE54-9A1E7A4F7556}") = "WebDevelopment.API", "src\WebDevelopment\WebDevelopment.API.csproj", "{40C13C36-1CCE-4A57-B6CE-BAA7FA71421B}"
EndProject
Project("{9A19103F-16F7-4668-BE54-9A1E7A4F7556}") = "WebDevelopment.Infrastructure", "src\WebDevelopment.Infrastructure\WebDevelopment.Infrastructure.csproj", "{E631FC2A-1C99-4EB0-9C82-58F96532FE27}"
EndProject
Project("{9A19103F-16F7-4668-BE54-9A1E7A4F7556}") = "WebDevelopment.HostClient", "src\WebDevelopment.HostClient\WebDevelopment.HostClient.csproj", "{7ED79520-CC2C-4AB9-B507-6A117B5821FA}"
EndProject
Project("{9A19103F-16F7-4668-BE54-9A1E7A4F7556}") = "WebDevelopment.HostClient.Tests", "Tests\WebDevelopment.HostClient.Tests\WebDevelopment.HostClient.Tests.csproj", "{AEE196E7-8B4D-449F-8674-5333722096CE}"
EndProject
Project("{FAE04EC0-301F-11D3-BF4B-00C04F79EFBC}") = "WebDevelopment.Email", "src\WebDevelopment.Email\WebDevelopment.Email.csproj", "{D115733D-0CB5-4B22-B371-DEA055CFB7D6}"
EndProject
Global
	GlobalSection(SolutionConfigurationPlatforms) = preSolution
		Debug|Any CPU = Debug|Any CPU
		Release|Any CPU = Release|Any CPU
	EndGlobalSection
	GlobalSection(ProjectConfigurationPlatforms) = postSolution
		{6C0BED49-FE55-4B34-801A-569011927907}.Debug|Any CPU.ActiveCfg = Debug|Any CPU
		{6C0BED49-FE55-4B34-801A-569011927907}.Debug|Any CPU.Build.0 = Debug|Any CPU
		{6C0BED49-FE55-4B34-801A-569011927907}.Release|Any CPU.ActiveCfg = Release|Any CPU
		{6C0BED49-FE55-4B34-801A-569011927907}.Release|Any CPU.Build.0 = Release|Any CPU
		{40C13C36-1CCE-4A57-B6CE-BAA7FA71421B}.Debug|Any CPU.ActiveCfg = Debug|Any CPU
		{40C13C36-1CCE-4A57-B6CE-BAA7FA71421B}.Debug|Any CPU.Build.0 = Debug|Any CPU
		{40C13C36-1CCE-4A57-B6CE-BAA7FA71421B}.Release|Any CPU.ActiveCfg = Release|Any CPU
		{40C13C36-1CCE-4A57-B6CE-BAA7FA71421B}.Release|Any CPU.Build.0 = Release|Any CPU
		{E631FC2A-1C99-4EB0-9C82-58F96532FE27}.Debug|Any CPU.ActiveCfg = Debug|Any CPU
		{E631FC2A-1C99-4EB0-9C82-58F96532FE27}.Debug|Any CPU.Build.0 = Debug|Any CPU
		{E631FC2A-1C99-4EB0-9C82-58F96532FE27}.Release|Any CPU.ActiveCfg = Release|Any CPU
		{E631FC2A-1C99-4EB0-9C82-58F96532FE27}.Release|Any CPU.Build.0 = Release|Any CPU
		{7ED79520-CC2C-4AB9-B507-6A117B5821FA}.Debug|Any CPU.ActiveCfg = Debug|Any CPU
		{7ED79520-CC2C-4AB9-B507-6A117B5821FA}.Debug|Any CPU.Build.0 = Debug|Any CPU
		{7ED79520-CC2C-4AB9-B507-6A117B5821FA}.Release|Any CPU.ActiveCfg = Release|Any CPU
		{7ED79520-CC2C-4AB9-B507-6A117B5821FA}.Release|Any CPU.Build.0 = Release|Any CPU
		{AEE196E7-8B4D-449F-8674-5333722096CE}.Debug|Any CPU.ActiveCfg = Debug|Any CPU
		{AEE196E7-8B4D-449F-8674-5333722096CE}.Debug|Any CPU.Build.0 = Debug|Any CPU
		{AEE196E7-8B4D-449F-8674-5333722096CE}.Release|Any CPU.ActiveCfg = Release|Any CPU
		{AEE196E7-8B4D-449F-8674-5333722096CE}.Release|Any CPU.Build.0 = Release|Any CPU
		{D115733D-0CB5-4B22-B371-DEA055CFB7D6}.Debug|Any CPU.ActiveCfg = Debug|Any CPU
		{D115733D-0CB5-4B22-B371-DEA055CFB7D6}.Debug|Any CPU.Build.0 = Debug|Any CPU
		{D115733D-0CB5-4B22-B371-DEA055CFB7D6}.Release|Any CPU.ActiveCfg = Release|Any CPU
		{D115733D-0CB5-4B22-B371-DEA055CFB7D6}.Release|Any CPU.Build.0 = Release|Any CPU
	EndGlobalSection
	GlobalSection(SolutionProperties) = preSolution
		HideSolutionNode = FALSE
	EndGlobalSection
	GlobalSection(ExtensibilityGlobals) = postSolution
		SolutionGuid = {A5825C21-5DE8-4A2A-8035-1D560E122654}
	EndGlobalSection
EndGlobal
